
Microsoft Visual Studio Solution File, Format Version 12.00
# Visual Studio 15
VisualStudioVersion = 15.0.28307.329
MinimumVisualStudioVersion = 10.0.40219.1
Project("{FAE04EC0-301F-11D3-BF4B-00C04F79EFBC}") = "FileMap", "FileMap\FileMap.csproj", "{1401D3E0-4FE6-4CB1-9CE2-ADF13B17DED6}"
EndProject
Project("{FAE04EC0-301F-11D3-BF4B-00C04F79EFBC}") = "FileMap.ConsoleClient", "FileMap.ConsoleClient\FileMap.ConsoleClient.csproj", "{88008E89-A313-45DB-8904-C52AE50AABA8}"
EndProject
Project("{FAE04EC0-301F-11D3-BF4B-00C04F79EFBC}") = "FileMap.Test", "FileMap.Test\FileMap.Test.csproj", "{44EBF8A3-EB6C-4E21-878A-43912E610F5B}"
EndProject
Global
	GlobalSection(SolutionConfigurationPlatforms) = preSolution
		Debug|Any CPU = Debug|Any CPU
		Release|Any CPU = Release|Any CPU
	EndGlobalSection
	GlobalSection(ProjectConfigurationPlatforms) = postSolution
		{1401D3E0-4FE6-4CB1-9CE2-ADF13B17DED6}.Debug|Any CPU.ActiveCfg = Debug|Any CPU
		{1401D3E0-4FE6-4CB1-9CE2-ADF13B17DED6}.Debug|Any CPU.Build.0 = Debug|Any CPU
		{1401D3E0-4FE6-4CB1-9CE2-ADF13B17DED6}.Release|Any CPU.ActiveCfg = Release|Any CPU
		{1401D3E0-4FE6-4CB1-9CE2-ADF13B17DED6}.Release|Any CPU.Build.0 = Release|Any CPU
		{88008E89-A313-45DB-8904-C52AE50AABA8}.Debug|Any CPU.ActiveCfg = Debug|Any CPU
		{88008E89-A313-45DB-8904-C52AE50AABA8}.Debug|Any CPU.Build.0 = Debug|Any CPU
		{88008E89-A313-45DB-8904-C52AE50AABA8}.Release|Any CPU.ActiveCfg = Release|Any CPU
		{88008E89-A313-45DB-8904-C52AE50AABA8}.Release|Any CPU.Build.0 = Release|Any CPU
		{44EBF8A3-EB6C-4E21-878A-43912E610F5B}.Debug|Any CPU.ActiveCfg = Debug|Any CPU
		{44EBF8A3-EB6C-4E21-878A-43912E610F5B}.Debug|Any CPU.Build.0 = Debug|Any CPU
		{44EBF8A3-EB6C-4E21-878A-43912E610F5B}.Release|Any CPU.ActiveCfg = Release|Any CPU
		{44EBF8A3-EB6C-4E21-878A-43912E610F5B}.Release|Any CPU.Build.0 = Release|Any CPU
	EndGlobalSection
	GlobalSection(SolutionProperties) = preSolution
		HideSolutionNode = FALSE
	EndGlobalSection
	GlobalSection(ExtensibilityGlobals) = postSolution
		SolutionGuid = {40D7F080-D969-48C2-970E-2866C11A89EB}
	EndGlobalSection
EndGlobal
